
Microsoft Visual Studio Solution File, Format Version 12.00
# Visual Studio 15
VisualStudioVersion = 15.0.27130.2026
MinimumVisualStudioVersion = 10.0.40219.1
Project("{FAE04EC0-301F-11D3-BF4B-00C04F79EFBC}") = "KT", "KT\KT.csproj", "{FE3B7691-3546-46E2-8F82-DB5C6D132B19}"
EndProject
Global
	GlobalSection(SolutionConfigurationPlatforms) = preSolution
		Debug|Any CPU = Debug|Any CPU
		Release|Any CPU = Release|Any CPU
	EndGlobalSection
	GlobalSection(ProjectConfigurationPlatforms) = postSolution
		{FE3B7691-3546-46E2-8F82-DB5C6D132B19}.Debug|Any CPU.ActiveCfg = Debug|Any CPU
		{FE3B7691-3546-46E2-8F82-DB5C6D132B19}.Debug|Any CPU.Build.0 = Debug|Any CPU
		{FE3B7691-3546-46E2-8F82-DB5C6D132B19}.Release|Any CPU.ActiveCfg = Release|Any CPU
		{FE3B7691-3546-46E2-8F82-DB5C6D132B19}.Release|Any CPU.Build.0 = Release|Any CPU
	EndGlobalSection
	GlobalSection(SolutionProperties) = preSolution
		HideSolutionNode = FALSE
	EndGlobalSection
	GlobalSection(ExtensibilityGlobals) = postSolution
		SolutionGuid = {3229FD3D-595C-46F3-A7AA-6925016E407E}
	EndGlobalSection
EndGlobal
